
Microsoft Visual Studio Solution File, Format Version 12.00
# Visual Studio 15
VisualStudioVersion = 15.0.28010.2050
MinimumVisualStudioVersion = 10.0.40219.1
Project("{FAE04EC0-301F-11D3-BF4B-00C04F79EFBC}") = "CareerCloud.Pocos", "CareerCloud.Pocos\CareerCloud.Pocos.csproj", "{EC8EF304-4E5A-4A5F-9EF5-5722D168B713}"
EndProject
Project("{FAE04EC0-301F-11D3-BF4B-00C04F79EFBC}") = "CareerCloud.DataAccessLayer", "CareerCloud.DataAccessLayer\CareerCloud.DataAccessLayer.csproj", "{8E749306-4EA8-4971-9393-B694A8065073}"
EndProject
Project("{FAE04EC0-301F-11D3-BF4B-00C04F79EFBC}") = "CareerCloud.ADODataAccessLayer", "CareerCloud.ADODataAccessLayer\CareerCloud.ADODataAccessLayer.csproj", "{96484DB4-EF6A-4976-85A6-62FC3A03F28D}"
EndProject
Project("{FAE04EC0-301F-11D3-BF4B-00C04F79EFBC}") = "CareerCloud.BusinessLogicLayer", "CareerCloud.BusinessLogicLayer\CareerCloud.BusinessLogicLayer.csproj", "{7DE9C5A1-A4C7-472F-A535-5AC83C28DFF9}"
EndProject
Project("{FAE04EC0-301F-11D3-BF4B-00C04F79EFBC}") = "CareerCloud.EntityFrameworkDataAccess", "CareerCloud.EntityFrameworkDataAccess\CareerCloud.EntityFrameworkDataAccess.csproj", "{881542A1-812C-45C7-B6F4-D5F90955D8E7}"
EndProject
Project("{FAE04EC0-301F-11D3-BF4B-00C04F79EFBC}") = "CareerCloud.WCF", "CareerCloud.WCF\CareerCloud.WCF.csproj", "{9A17A1C2-F0F9-4978-AE5D-D1D2313BA380}"
EndProject
Global
	GlobalSection(SolutionConfigurationPlatforms) = preSolution
		Debug|Any CPU = Debug|Any CPU
		Release|Any CPU = Release|Any CPU
	EndGlobalSection
	GlobalSection(ProjectConfigurationPlatforms) = postSolution
		{EC8EF304-4E5A-4A5F-9EF5-5722D168B713}.Debug|Any CPU.ActiveCfg = Debug|Any CPU
		{EC8EF304-4E5A-4A5F-9EF5-5722D168B713}.Debug|Any CPU.Build.0 = Debug|Any CPU
		{EC8EF304-4E5A-4A5F-9EF5-5722D168B713}.Release|Any CPU.ActiveCfg = Release|Any CPU
		{EC8EF304-4E5A-4A5F-9EF5-5722D168B713}.Release|Any CPU.Build.0 = Release|Any CPU
		{8E749306-4EA8-4971-9393-B694A8065073}.Debug|Any CPU.ActiveCfg = Debug|Any CPU
		{8E749306-4EA8-4971-9393-B694A8065073}.Debug|Any CPU.Build.0 = Debug|Any CPU
		{8E749306-4EA8-4971-9393-B694A8065073}.Release|Any CPU.ActiveCfg = Release|Any CPU
		{8E749306-4EA8-4971-9393-B694A8065073}.Release|Any CPU.Build.0 = Release|Any CPU
		{96484DB4-EF6A-4976-85A6-62FC3A03F28D}.Debug|Any CPU.ActiveCfg = Debug|Any CPU
		{96484DB4-EF6A-4976-85A6-62FC3A03F28D}.Debug|Any CPU.Build.0 = Debug|Any CPU
		{96484DB4-EF6A-4976-85A6-62FC3A03F28D}.Release|Any CPU.ActiveCfg = Release|Any CPU
		{96484DB4-EF6A-4976-85A6-62FC3A03F28D}.Release|Any CPU.Build.0 = Release|Any CPU
		{7DE9C5A1-A4C7-472F-A535-5AC83C28DFF9}.Debug|Any CPU.ActiveCfg = Debug|Any CPU
		{7DE9C5A1-A4C7-472F-A535-5AC83C28DFF9}.Debug|Any CPU.Build.0 = Debug|Any CPU
		{7DE9C5A1-A4C7-472F-A535-5AC83C28DFF9}.Release|Any CPU.ActiveCfg = Release|Any CPU
		{7DE9C5A1-A4C7-472F-A535-5AC83C28DFF9}.Release|Any CPU.Build.0 = Release|Any CPU
		{881542A1-812C-45C7-B6F4-D5F90955D8E7}.Debug|Any CPU.ActiveCfg = Debug|Any CPU
		{881542A1-812C-45C7-B6F4-D5F90955D8E7}.Debug|Any CPU.Build.0 = Debug|Any CPU
		{881542A1-812C-45C7-B6F4-D5F90955D8E7}.Release|Any CPU.ActiveCfg = Release|Any CPU
		{881542A1-812C-45C7-B6F4-D5F90955D8E7}.Release|Any CPU.Build.0 = Release|Any CPU
		{9A17A1C2-F0F9-4978-AE5D-D1D2313BA380}.Debug|Any CPU.ActiveCfg = Debug|Any CPU
		{9A17A1C2-F0F9-4978-AE5D-D1D2313BA380}.Debug|Any CPU.Build.0 = Debug|Any CPU
		{9A17A1C2-F0F9-4978-AE5D-D1D2313BA380}.Release|Any CPU.ActiveCfg = Release|Any CPU
		{9A17A1C2-F0F9-4978-AE5D-D1D2313BA380}.Release|Any CPU.Build.0 = Release|Any CPU
	EndGlobalSection
	GlobalSection(SolutionProperties) = preSolution
		HideSolutionNode = FALSE
	EndGlobalSection
	GlobalSection(ExtensibilityGlobals) = postSolution
		SolutionGuid = {B16CA362-0566-46EB-A630-7E9039AD6A42}
	EndGlobalSection
EndGlobal
